{
  "name": "projeto-ind",
  "version": "1.0.0",
  "lockfileVersion": 3,
  "requires": true,
  "packages": {
    "": {
      "name": "projeto-ind",
      "version": "1.0.0",
      "license": "MIT",
      "dependencies": {
        "clear": "^0.1.0",
        "readline-promise": "^1.0.5",
        "terminal": "^0.1.4"
      }
    },
    "node_modules/clear": {
      "version": "0.1.0",
      "resolved": "https://registry.npmjs.org/clear/-/clear-0.1.0.tgz",
      "integrity": "sha512-qMjRnoL+JDPJHeLePZJuao6+8orzHMGP04A8CdwCNsKhRbOnKRjefxONR7bwILT3MHecxKBjHkKL/tkZ8r4Uzw==",
      "engines": {
        "node": "*"
      }
    },
    "node_modules/readline-promise": {
      "version": "1.0.5",
      "resolved": "https://registry.npmjs.org/readline-promise/-/readline-promise-1.0.5.tgz",
      "integrity": "sha512-rlqCVq6aaHxJCOJ0CzDHUi9Kj9JPBpnGFkdl6JefVjy0O/dGuBP+CovaHfaftUwElUlIeUs0E/a3Z5y45vRTVA=="
    },
    "node_modules/sprintf": {
      "version": "0.1.5",
      "resolved": "https://registry.npmjs.org/sprintf/-/sprintf-0.1.5.tgz",
      "integrity": "sha512-4X5KsuXFQ7f+d7Y+bi4qSb6eI+YoifDTGr0MQJXRoYO7BO7evfRCjds6kk3z7l5CiJYxgDN1x5Er4WiyCt+zTQ==",
      "dependencies": {
        "sprintf-js": "^1.0.0",
        "engines": {
          "node": ">=0.2.4"
        }
      },
      "node_modules/terminal": {
        "version": "0.1.4",
        "resolved": "https://registry.npmjs.org/terminal/-/terminal-0.1.4.tgz",
        "integrity": "sha512-w6OAFpUO+TimZUdQ46dK3fYYOCCBIsS2QUfIEkzX21oJ8tvJOJvJkcmrbleLH5KG02SNohYFDj81bL3VPaULsQ==",
        "dependencies": {
          "sprintf-js": ">= 0.1.1"
        },
        "engines": {
          "node": ">= 0.4.0"
        }
      }
    }
  }}